
Microsoft Visual Studio Solution File, Format Version 12.00
# Visual Studio Version 17
VisualStudioVersion = 17.2.32630.192
MinimumVisualStudioVersion = 10.0.40219.1
Project("{FAE04EC0-301F-11D3-BF4B-00C04F79EFBC}") = "Basics01", "Basics01\Basics01.csproj", "{9819D33E-A2E2-43D2-98B6-018B167CB8FA}"
EndProject
Global
	GlobalSection(SolutionConfigurationPlatforms) = preSolution
		Debug|Any CPU = Debug|Any CPU
		Release|Any CPU = Release|Any CPU
	EndGlobalSection
	GlobalSection(ProjectConfigurationPlatforms) = postSolution
		{9819D33E-A2E2-43D2-98B6-018B167CB8FA}.Debug|Any CPU.ActiveCfg = Debug|Any CPU
		{9819D33E-A2E2-43D2-98B6-018B167CB8FA}.Debug|Any CPU.Build.0 = Debug|Any CPU
		{9819D33E-A2E2-43D2-98B6-018B167CB8FA}.Release|Any CPU.ActiveCfg = Release|Any CPU
		{9819D33E-A2E2-43D2-98B6-018B167CB8FA}.Release|Any CPU.Build.0 = Release|Any CPU
	EndGlobalSection
	GlobalSection(SolutionProperties) = preSolution
		HideSolutionNode = FALSE
	EndGlobalSection
	GlobalSection(ExtensibilityGlobals) = postSolution
		SolutionGuid = {A7A73D0C-F992-49C1-9DB1-6A91B3CBFC99}
	EndGlobalSection
EndGlobal
